
Microsoft Visual Studio Solution File, Format Version 11.00
# Visual Studio 2010
Project("{FAE04EC0-301F-11D3-BF4B-00C04F79EFBC}") = "Viope2", "Assembly-CSharp-firstpass.csproj", "{A7592A34-F0A6-D3F4-F3B5-BC33C5800821}"
EndProject
Global
	GlobalSection(SolutionConfigurationPlatforms) = preSolution
		Debug|Any CPU = Debug|Any CPU
		Release|Any CPU = Release|Any CPU
	EndGlobalSection
	GlobalSection(ProjectConfigurationPlatforms) = postSolution
		{A7592A34-F0A6-D3F4-F3B5-BC33C5800821}.Debug|Any CPU.ActiveCfg = Debug|Any CPU
		{A7592A34-F0A6-D3F4-F3B5-BC33C5800821}.Debug|Any CPU.Build.0 = Debug|Any CPU
		{A7592A34-F0A6-D3F4-F3B5-BC33C5800821}.Release|Any CPU.ActiveCfg = Release|Any CPU
		{A7592A34-F0A6-D3F4-F3B5-BC33C5800821}.Release|Any CPU.Build.0 = Release|Any CPU
	EndGlobalSection
	GlobalSection(SolutionProperties) = preSolution
		HideSolutionNode = FALSE
	EndGlobalSection
	GlobalSection(MonoDevelopProperties) = preSolution
		StartupItem = Assembly-CSharp.csproj
	EndGlobalSection
EndGlobal
